{
	"name": "mongogrator",
	"version": "1.1.2",
	"lockfileVersion": 3,
	"requires": true,
	"packages": {
		"": {
			"name": "mongogrator",
			"version": "1.1.2",
			"license": "MIT",
			"dependencies": {
				"mongodb": "^6.8.1",
				"ts-node": "^10.9.2",
				"typescript": "^5.0.0"
			},
			"bin": {
				"mongogrator": "dist/index.js"
			},
			"devDependencies": {
				"@types/bun": "latest"
			}
		},
		"node_modules/@cspotcode/source-map-support": {
			"version": "0.8.1",
			"license": "MIT",
			"dependencies": {
				"@jridgewell/trace-mapping": "0.3.9"
			},
			"engines": {
				"node": ">=12"
			}
		},
		"node_modules/@jridgewell/resolve-uri": {
			"version": "3.1.2",
			"license": "MIT",
			"engines": {
				"node": ">=6.0.0"
			}
		},
		"node_modules/@jridgewell/sourcemap-codec": {
			"version": "1.5.0",
			"license": "MIT"
		},
		"node_modules/@jridgewell/trace-mapping": {
			"version": "0.3.9",
			"license": "MIT",
			"dependencies": {
				"@jridgewell/resolve-uri": "^3.0.3",
				"@jridgewell/sourcemap-codec": "^1.4.10"
			}
		},
		"node_modules/@mongodb-js/saslprep": {
			"version": "1.1.9",
			"license": "MIT",
			"dependencies": {
				"sparse-bitfield": "^3.0.3"
			}
		},
		"node_modules/@tsconfig/node10": {
			"version": "1.0.11",
			"license": "MIT"
		},
		"node_modules/@tsconfig/node12": {
			"version": "1.0.11",
			"license": "MIT"
		},
		"node_modules/@tsconfig/node14": {
			"version": "1.0.3",
			"license": "MIT"
		},
		"node_modules/@tsconfig/node16": {
			"version": "1.0.4",
			"license": "MIT"
		},
		"node_modules/@types/bun": {
			"version": "1.1.9",
			"resolved": "https://registry.npmjs.org/@types/bun/-/bun-1.1.9.tgz",
			"integrity": "sha512-SXJRejXpmAc3qxyN/YS4/JGWEzLf4dDBa5fLtRDipQXHqNccuMU4EUYCooXNTsylG0DmwFQsGgEDHxZF+3DqRw==",
			"dev": true,
			"dependencies": {
				"bun-types": "1.1.27"
			}
		},
		"node_modules/@types/node": {
			"version": "20.12.14",
			"license": "MIT",
			"dependencies": {
				"undici-types": "~5.26.4"
			}
		},
		"node_modules/@types/webidl-conversions": {
			"version": "7.0.3",
			"license": "MIT"
		},
		"node_modules/@types/whatwg-url": {
			"version": "11.0.5",
			"license": "MIT",
			"dependencies": {
				"@types/webidl-conversions": "*"
			}
		},
		"node_modules/@types/ws": {
			"version": "8.5.12",
			"dev": true,
			"license": "MIT",
			"dependencies": {
				"@types/node": "*"
			}
		},
		"node_modules/acorn": {
			"version": "8.12.1",
			"license": "MIT",
			"bin": {
				"acorn": "bin/acorn"
			},
			"engines": {
				"node": ">=0.4.0"
			}
		},
		"node_modules/acorn-walk": {
			"version": "8.3.4",
			"license": "MIT",
			"dependencies": {
				"acorn": "^8.11.0"
			},
			"engines": {
				"node": ">=0.4.0"
			}
		},
		"node_modules/arg": {
			"version": "4.1.3",
			"license": "MIT"
		},
		"node_modules/bson": {
			"version": "6.8.0",
			"license": "Apache-2.0",
			"engines": {
				"node": ">=16.20.1"
			}
		},
		"node_modules/bun-types": {
			"version": "1.1.27",
			"dev": true,
			"license": "MIT",
			"dependencies": {
				"@types/node": "~20.12.8",
				"@types/ws": "~8.5.10"
			}
		},
		"node_modules/create-require": {
			"version": "1.1.1",
			"license": "MIT"
		},
		"node_modules/diff": {
			"version": "4.0.2",
			"license": "BSD-3-Clause",
			"engines": {
				"node": ">=0.3.1"
			}
		},
		"node_modules/make-error": {
			"version": "1.3.6",
			"license": "ISC"
		},
		"node_modules/memory-pager": {
			"version": "1.5.0",
			"license": "MIT"
		},
		"node_modules/mongodb": {
			"version": "6.8.1",
			"license": "Apache-2.0",
			"dependencies": {
				"@mongodb-js/saslprep": "^1.1.5",
				"bson": "^6.7.0",
				"mongodb-connection-string-url": "^3.0.0"
			},
			"engines": {
				"node": ">=16.20.1"
			},
			"peerDependencies": {
				"@aws-sdk/credential-providers": "^3.188.0",
				"@mongodb-js/zstd": "^1.1.0",
				"gcp-metadata": "^5.2.0",
				"kerberos": "^2.0.1",
				"mongodb-client-encryption": ">=6.0.0 <7",
				"snappy": "^7.2.2",
				"socks": "^2.7.1"
			},
			"peerDependenciesMeta": {
				"@aws-sdk/credential-providers": {
					"optional": true
				},
				"@mongodb-js/zstd": {
					"optional": true
				},
				"gcp-metadata": {
					"optional": true
				},
				"kerberos": {
					"optional": true
				},
				"mongodb-client-encryption": {
					"optional": true
				},
				"snappy": {
					"optional": true
				},
				"socks": {
					"optional": true
				}
			}
		},
		"node_modules/mongodb-connection-string-url": {
			"version": "3.0.1",
			"license": "Apache-2.0",
			"dependencies": {
				"@types/whatwg-url": "^11.0.2",
				"whatwg-url": "^13.0.0"
			}
		},
		"node_modules/punycode": {
			"version": "2.3.1",
			"license": "MIT",
			"engines": {
				"node": ">=6"
			}
		},
		"node_modules/sparse-bitfield": {
			"version": "3.0.3",
			"license": "MIT",
			"dependencies": {
				"memory-pager": "^1.0.2"
			}
		},
		"node_modules/tr46": {
			"version": "4.1.1",
			"license": "MIT",
			"dependencies": {
				"punycode": "^2.3.0"
			},
			"engines": {
				"node": ">=14"
			}
		},
		"node_modules/ts-node": {
			"version": "10.9.2",
			"license": "MIT",
			"dependencies": {
				"@cspotcode/source-map-support": "^0.8.0",
				"@tsconfig/node10": "^1.0.7",
				"@tsconfig/node12": "^1.0.7",
				"@tsconfig/node14": "^1.0.0",
				"@tsconfig/node16": "^1.0.2",
				"acorn": "^8.4.1",
				"acorn-walk": "^8.1.1",
				"arg": "^4.1.0",
				"create-require": "^1.1.0",
				"diff": "^4.0.1",
				"make-error": "^1.1.1",
				"v8-compile-cache-lib": "^3.0.1",
				"yn": "3.1.1"
			},
			"bin": {
				"ts-node": "dist/bin.js",
				"ts-node-cwd": "dist/bin-cwd.js",
				"ts-node-esm": "dist/bin-esm.js",
				"ts-node-script": "dist/bin-script.js",
				"ts-node-transpile-only": "dist/bin-transpile.js",
				"ts-script": "dist/bin-script-deprecated.js"
			},
			"peerDependencies": {
				"@swc/core": ">=1.2.50",
				"@swc/wasm": ">=1.2.50",
				"@types/node": "*",
				"typescript": ">=2.7"
			},
			"peerDependenciesMeta": {
				"@swc/core": {
					"optional": true
				},
				"@swc/wasm": {
					"optional": true
				}
			}
		},
		"node_modules/typescript": {
			"version": "5.6.2",
			"license": "Apache-2.0",
			"bin": {
				"tsc": "bin/tsc",
				"tsserver": "bin/tsserver"
			},
			"engines": {
				"node": ">=14.17"
			}
		},
		"node_modules/undici-types": {
			"version": "5.26.5",
			"license": "MIT"
		},
		"node_modules/v8-compile-cache-lib": {
			"version": "3.0.1",
			"license": "MIT"
		},
		"node_modules/webidl-conversions": {
			"version": "7.0.0",
			"license": "BSD-2-Clause",
			"engines": {
				"node": ">=12"
			}
		},
		"node_modules/whatwg-url": {
			"version": "13.0.0",
			"license": "MIT",
			"dependencies": {
				"tr46": "^4.1.1",
				"webidl-conversions": "^7.0.0"
			},
			"engines": {
				"node": ">=16"
			}
		},
		"node_modules/yn": {
			"version": "3.1.1",
			"license": "MIT",
			"engines": {
				"node": ">=6"
			}
		}
	}
}
